{
  "name": "capacitor-app",
  "version": "1.0.0",
  "lockfileVersion": 1,
  "requires": true,
  "dependencies": {
    "@capacitor/core": {
      "version": "1.4.0",
      "resolved": "https://registry.npmjs.org/@capacitor/core/-/core-1.4.0.tgz",
      "integrity": "sha512-9cLk6f8A2BjSh9KTItAOXGFSS9ZsVReMUACWw+1lEHsSk5kdPbp0oQ8c1kOX36LlHeBKi/EPSs8dXNedNHyHQA==",
      "requires": {
        "tslib": "^1.9.0"
      }
    },
    "@capacitor/electron": {
      "version": "1.4.0",
      "resolved": "https://registry.npmjs.org/@capacitor/electron/-/electron-1.4.0.tgz",
      "integrity": "sha512-3J3wXXnCehskE9orUvNwyzLtC0KN7l0QiqmU69Jdh0axW5oEWXQRxCH5cUrThp0bj4T7UTd+ftFKIjDlMeBCUg==",
      "requires": {
        "@capacitor/core": "^1.4.0"
      }
    },
    "electron-is-dev": {
      "version": "1.1.0",
      "resolved": "https://registry.npmjs.org/electron-is-dev/-/electron-is-dev-1.1.0.tgz",
      "integrity": "sha512-Z1qA/1oHNowGtSBIcWk0pcLEqYT/j+13xUw/MYOrBUOL4X7VN0i0KCTf5SqyvMPmW5pSPKbo28wkxMxzZ20YnQ=="
    },
    "tslib": {
      "version": "1.10.0",
      "resolved": "https://registry.npmjs.org/tslib/-/tslib-1.10.0.tgz",
      "integrity": "sha512-qOebF53frne81cf0S9B41ByenJ3/IuH8yJKngAX35CmiZySA0khhkovshKK+jGCaMnVomla7gVlIcc3EvKPbTQ=="
    }
  }
}
